// !$*UTF8*$!
{
	archiveVersion = 1;
	classes = {
	};
	objectVersion = 51;
	objects = {

/* Begin PBXBuildFile section */
		4C4F6F5FD8F402ECE3434D15 /* Pods_kfm_ios_test.framework in Frameworks */ = {isa = PBXBuildFile; fileRef = 665A40D8C39CC849B7A4611B /* Pods_kfm_ios_test.framework */; };
		7285010BB773089AAD5A12FB /* Pods_kfm_ios_test_kfm_ios_testUITests.framework in Frameworks */ = {isa = PBXBuildFile; fileRef = 0090B6A930D47CDA3D22A728 /* Pods_kfm_ios_test_kfm_ios_testUITests.framework */; };
		F0A384A7B9BE4D531378BFC3 /* Pods_kfm_ios_testTests.framework in Frameworks */ = {isa = PBXBuildFile; fileRef = 3BD25D6A3538DC661306A142 /* Pods_kfm_ios_testTests.framework */; };
		FA94D2BE27B6EBD800458A3F /* Then.swift in Sources */ = {isa = PBXBuildFile; fileRef = FA94D2BD27B6EBD800458A3F /* Then.swift */; };
		FAA5AA6027B8CC9400B4A6B4 /* WeatherViewModel.swift in Sources */ = {isa = PBXBuildFile; fileRef = FAA5AA5F27B8CC9400B4A6B4 /* WeatherViewModel.swift */; };
		FAA5AA6227B8CCA900B4A6B4 /* WeatherViewController.swift in Sources */ = {isa = PBXBuildFile; fileRef = FAA5AA6127B8CCA900B4A6B4 /* WeatherViewController.swift */; };
		FAA5AA6427B8CD0C00B4A6B4 /* WeatherScreen.swift in Sources */ = {isa = PBXBuildFile; fileRef = FAA5AA6327B8CD0B00B4A6B4 /* WeatherScreen.swift */; };
		FAA5AA6A27B8D23500B4A6B4 /* WeatherScreenResultModel.swift in Sources */ = {isa = PBXBuildFile; fileRef = FAA5AA6927B8D23500B4A6B4 /* WeatherScreenResultModel.swift */; };
		FAA5AA6C27B8D5D200B4A6B4 /* WeathersResponseModel.swift in Sources */ = {isa = PBXBuildFile; fileRef = FAA5AA6B27B8D5D200B4A6B4 /* WeathersResponseModel.swift */; };
		FAA5AA7027B8DBD400B4A6B4 /* NavigationItemLeftView.swift in Sources */ = {isa = PBXBuildFile; fileRef = FAA5AA6F27B8DBD400B4A6B4 /* NavigationItemLeftView.swift */; };
		FAA5AA7227B8DCA000B4A6B4 /* UIImage+Properties.swift in Sources */ = {isa = PBXBuildFile; fileRef = FAA5AA7127B8DCA000B4A6B4 /* UIImage+Properties.swift */; };
		FAA5AA7427B8DE0A00B4A6B4 /* UIView+Helper.swift in Sources */ = {isa = PBXBuildFile; fileRef = FAA5AA7327B8DE0A00B4A6B4 /* UIView+Helper.swift */; };
		FAA5AA7727B8E91800B4A6B4 /* BaseInformationView.swift in Sources */ = {isa = PBXBuildFile; fileRef = FAA5AA7627B8E91800B4A6B4 /* BaseInformationView.swift */; };
		FAA5AA7927B8FBFB00B4A6B4 /* UIImageView+Helper.swift in Sources */ = {isa = PBXBuildFile; fileRef = FAA5AA7827B8FBFB00B4A6B4 /* UIImageView+Helper.swift */; };
		FAA5AA7B27B906D100B4A6B4 /* WeekInformationView.swift in Sources */ = {isa = PBXBuildFile; fileRef = FAA5AA7A27B906D100B4A6B4 /* WeekInformationView.swift */; };
		FAA5AA7D27B9088800B4A6B4 /* UICollectionViewFlowLayout+Helper.swift in Sources */ = {isa = PBXBuildFile; fileRef = FAA5AA7C27B9088800B4A6B4 /* UICollectionViewFlowLayout+Helper.swift */; };
		FAA5AA7F27B90A2B00B4A6B4 /* DeviceInformation.swift in Sources */ = {isa = PBXBuildFile; fileRef = FAA5AA7E27B90A2B00B4A6B4 /* DeviceInformation.swift */; };
		FAA5AA8227B9178B00B4A6B4 /* DayWeatherItemCollectionViewCell.swift in Sources */ = {isa = PBXBuildFile; fileRef = FAA5AA8127B9178B00B4A6B4 /* DayWeatherItemCollectionViewCell.swift */; };
		FAA5AA8627B931CD00B4A6B4 /* DetailViewModel.swift in Sources */ = {isa = PBXBuildFile; fileRef = FAA5AA8527B931CD00B4A6B4 /* DetailViewModel.swift */; };
		FAA5AA8827B931E800B4A6B4 /* DetailViewController.swift in Sources */ = {isa = PBXBuildFile; fileRef = FAA5AA8727B931E800B4A6B4 /* DetailViewController.swift */; };
		FAA5AA8A27B9329D00B4A6B4 /* DetailScreen.swift in Sources */ = {isa = PBXBuildFile; fileRef = FAA5AA8927B9329D00B4A6B4 /* DetailScreen.swift */; };
		FAA5AA8C27B9480900B4A6B4 /* LogWeatherItemCollectionViewCell.swift in Sources */ = {isa = PBXBuildFile; fileRef = FAA5AA8B27B9480900B4A6B4 /* LogWeatherItemCollectionViewCell.swift */; };
		FAA5AA8E27B94A6E00B4A6B4 /* LogInformationView.swift in Sources */ = {isa = PBXBuildFile; fileRef = FAA5AA8D27B94A6E00B4A6B4 /* LogInformationView.swift */; };
		FAA5AA9027B95F2F00B4A6B4 /* DetailScreenResultModel.swift in Sources */ = {isa = PBXBuildFile; fileRef = FAA5AA8F27B95F2F00B4A6B4 /* DetailScreenResultModel.swift */; };
		FAC211C727B680E400C14536 /* AppDelegate.swift in Sources */ = {isa = PBXBuildFile; fileRef = FAC211C627B680E400C14536 /* AppDelegate.swift */; };
		FAC211CB27B680E400C14536 /* ViewController.swift in Sources */ = {isa = PBXBuildFile; fileRef = FAC211CA27B680E400C14536 /* ViewController.swift */; };
		FAC211D027B680E700C14536 /* Assets.xcassets in Resources */ = {isa = PBXBuildFile; fileRef = FAC211CF27B680E700C14536 /* Assets.xcassets */; };
		FAC211D327B680E700C14536 /* LaunchScreen.storyboard in Resources */ = {isa = PBXBuildFile; fileRef = FAC211D127B680E700C14536 /* LaunchScreen.storyboard */; };
		FAC211DE27B680E800C14536 /* kfm_ios_testTests.swift in Sources */ = {isa = PBXBuildFile; fileRef = FAC211DD27B680E800C14536 /* kfm_ios_testTests.swift */; };
		FAC211E927B680E800C14536 /* kfm_ios_testUITests.swift in Sources */ = {isa = PBXBuildFile; fileRef = FAC211E827B680E800C14536 /* kfm_ios_testUITests.swift */; };
		FAF313CA27B7C8D20068C1D4 /* HomeCoordinator.swift in Sources */ = {isa = PBXBuildFile; fileRef = FAF313C927B7C8D20068C1D4 /* HomeCoordinator.swift */; };
		FAF313CC27B7C8E30068C1D4 /* AppCoordinator.swift in Sources */ = {isa = PBXBuildFile; fileRef = FAF313CB27B7C8E30068C1D4 /* AppCoordinator.swift */; };
		FAF313CF27B7CF780068C1D4 /* ScreenResult.swift in Sources */ = {isa = PBXBuildFile; fileRef = FAF313CE27B7CF780068C1D4 /* ScreenResult.swift */; };
		FAF313D127B7CFBC0068C1D4 /* NavigationEvent.swift in Sources */ = {isa = PBXBuildFile; fileRef = FAF313D027B7CFBC0068C1D4 /* NavigationEvent.swift */; };
		FAF313D327B7D0830068C1D4 /* Screen.swift in Sources */ = {isa = PBXBuildFile; fileRef = FAF313D227B7D0830068C1D4 /* Screen.swift */; };
		FAF313D527B7D1D30068C1D4 /* NavigationCoordinator.swift in Sources */ = {isa = PBXBuildFile; fileRef = FAF313D427B7D1D30068C1D4 /* NavigationCoordinator.swift */; };
		FAF313DB27B7D79B0068C1D4 /* HomeViewModel.swift in Sources */ = {isa = PBXBuildFile; fileRef = FAF313DA27B7D79B0068C1D4 /* HomeViewModel.swift */; };
		FAF313DF27B7D8370068C1D4 /* HomeViewController.swift in Sources */ = {isa = PBXBuildFile; fileRef = FAF313DE27B7D8370068C1D4 /* HomeViewController.swift */; };
		FAF313E127B7D8DC0068C1D4 /* HomeScreen.swift in Sources */ = {isa = PBXBuildFile; fileRef = FAF313E027B7D8DC0068C1D4 /* HomeScreen.swift */; };
		FAF313EB27B7F5110068C1D4 /* StringConstant.swift in Sources */ = {isa = PBXBuildFile; fileRef = FAF313EA27B7F5110068C1D4 /* StringConstant.swift */; };
		FAF313EE27B7FE910068C1D4 /* APIProvider.swift in Sources */ = {isa = PBXBuildFile; fileRef = FAF313ED27B7FE910068C1D4 /* APIProvider.swift */; };
		FAF313F227B817CE0068C1D4 /* WeatherEndpoint.swift in Sources */ = {isa = PBXBuildFile; fileRef = FAF313F127B817CE0068C1D4 /* WeatherEndpoint.swift */; };
		FAF313F827B82ED30068C1D4 /* LocationSearchResponseModel.swift in Sources */ = {isa = PBXBuildFile; fileRef = FAF313F727B82ED30068C1D4 /* LocationSearchResponseModel.swift */; };
		FAF313FA27B830EC0068C1D4 /* BaseEndpoint.swift in Sources */ = {isa = PBXBuildFile; fileRef = FAF313F927B830EC0068C1D4 /* BaseEndpoint.swift */; };
		FAF3140627B83F3E0068C1D4 /* String+Helper.swift in Sources */ = {isa = PBXBuildFile; fileRef = FAF3140527B83F3E0068C1D4 /* String+Helper.swift */; };
		FAF3140827B83F680068C1D4 /* AppDelegate+Helper.swift in Sources */ = {isa = PBXBuildFile; fileRef = FAF3140727B83F680068C1D4 /* AppDelegate+Helper.swift */; };
		FAF3140A27B83F860068C1D4 /* UITableView+Helper.swift in Sources */ = {isa = PBXBuildFile; fileRef = FAF3140927B83F860068C1D4 /* UITableView+Helper.swift */; };
		FAF3140C27B83FBA0068C1D4 /* UICollectionView+Helper.swift in Sources */ = {isa = PBXBuildFile; fileRef = FAF3140B27B83FBA0068C1D4 /* UICollectionView+Helper.swift */; };
		FAF3140E27B83FE20068C1D4 /* Reusable+Helper.swift in Sources */ = {isa = PBXBuildFile; fileRef = FAF3140D27B83FE20068C1D4 /* Reusable+Helper.swift */; };
		FAF3141227B849BC0068C1D4 /* ViewController+Alert.swift in Sources */ = {isa = PBXBuildFile; fileRef = FAF3141127B849BC0068C1D4 /* ViewController+Alert.swift */; };
		FAF3141427B853E00068C1D4 /* UIView+Indicator.swift in Sources */ = {isa = PBXBuildFile; fileRef = FAF3141327B853E00068C1D4 /* UIView+Indicator.swift */; };
/* End PBXBuildFile section */

/* Begin PBXContainerItemProxy section */
		FAC211DA27B680E800C14536 /* PBXContainerItemProxy */ = {
			isa = PBXContainerItemProxy;
			containerPortal = FAC211BB27B680E400C14536 /* Project object */;
			proxyType = 1;
			remoteGlobalIDString = FAC211C227B680E400C14536;
			remoteInfo = "kfm-ios-test";
		};
		FAC211E527B680E800C14536 /* PBXContainerItemProxy */ = {
			isa = PBXContainerItemProxy;
			containerPortal = FAC211BB27B680E400C14536 /* Project object */;
			proxyType = 1;
			remoteGlobalIDString = FAC211C227B680E400C14536;
			remoteInfo = "kfm-ios-test";
		};
/* End PBXContainerItemProxy section */

/* Begin PBXFileReference section */
		0090B6A930D47CDA3D22A728 /* Pods_kfm_ios_test_kfm_ios_testUITests.framework */ = {isa = PBXFileReference; explicitFileType = wrapper.framework; includeInIndex = 0; path = Pods_kfm_ios_test_kfm_ios_testUITests.framework; sourceTree = BUILT_PRODUCTS_DIR; };
		0DA87A6DA7F5306D7D27A9D1 /* Pods-kfm-ios-test-kfm-ios-testUITests.debug.xcconfig */ = {isa = PBXFileReference; includeInIndex = 1; lastKnownFileType = text.xcconfig; name = "Pods-kfm-ios-test-kfm-ios-testUITests.debug.xcconfig"; path = "Target Support Files/Pods-kfm-ios-test-kfm-ios-testUITests/Pods-kfm-ios-test-kfm-ios-testUITests.debug.xcconfig"; sourceTree = "<group>"; };
		3BD25D6A3538DC661306A142 /* Pods_kfm_ios_testTests.framework */ = {isa = PBXFileReference; explicitFileType = wrapper.framework; includeInIndex = 0; path = Pods_kfm_ios_testTests.framework; sourceTree = BUILT_PRODUCTS_DIR; };
		534B315C22484BD16D87EB4D /* Pods-kfm-ios-test.debug.xcconfig */ = {isa = PBXFileReference; includeInIndex = 1; lastKnownFileType = text.xcconfig; name = "Pods-kfm-ios-test.debug.xcconfig"; path = "Target Support Files/Pods-kfm-ios-test/Pods-kfm-ios-test.debug.xcconfig"; sourceTree = "<group>"; };
		665A40D8C39CC849B7A4611B /* Pods_kfm_ios_test.framework */ = {isa = PBXFileReference; explicitFileType = wrapper.framework; includeInIndex = 0; path = Pods_kfm_ios_test.framework; sourceTree = BUILT_PRODUCTS_DIR; };
		66932180E5BC03B41385AD1D /* Pods-kfm-ios-test.release.xcconfig */ = {isa = PBXFileReference; includeInIndex = 1; lastKnownFileType = text.xcconfig; name = "Pods-kfm-ios-test.release.xcconfig"; path = "Target Support Files/Pods-kfm-ios-test/Pods-kfm-ios-test.release.xcconfig"; sourceTree = "<group>"; };
		93D924B1ED571FC8CEBB0A96 /* Pods-kfm-ios-testTests.debug.xcconfig */ = {isa = PBXFileReference; includeInIndex = 1; lastKnownFileType = text.xcconfig; name = "Pods-kfm-ios-testTests.debug.xcconfig"; path = "Target Support Files/Pods-kfm-ios-testTests/Pods-kfm-ios-testTests.debug.xcconfig"; sourceTree = "<group>"; };
		E22F6AF2DA252B68D9BF871A /* Pods-kfm-ios-test-kfm-ios-testUITests.release.xcconfig */ = {isa = PBXFileReference; includeInIndex = 1; lastKnownFileType = text.xcconfig; name = "Pods-kfm-ios-test-kfm-ios-testUITests.release.xcconfig"; path = "Target Support Files/Pods-kfm-ios-test-kfm-ios-testUITests/Pods-kfm-ios-test-kfm-ios-testUITests.release.xcconfig"; sourceTree = "<group>"; };
		F37B7CF6B995C59862DE1E08 /* Pods-kfm-ios-testTests.release.xcconfig */ = {isa = PBXFileReference; includeInIndex = 1; lastKnownFileType = text.xcconfig; name = "Pods-kfm-ios-testTests.release.xcconfig"; path = "Target Support Files/Pods-kfm-ios-testTests/Pods-kfm-ios-testTests.release.xcconfig"; sourceTree = "<group>"; };
		FA94D2BD27B6EBD800458A3F /* Then.swift */ = {isa = PBXFileReference; lastKnownFileType = sourcecode.swift; path = Then.swift; sourceTree = "<group>"; };
		FAA5AA5F27B8CC9400B4A6B4 /* WeatherViewModel.swift */ = {isa = PBXFileReference; lastKnownFileType = sourcecode.swift; path = WeatherViewModel.swift; sourceTree = "<group>"; };
		FAA5AA6127B8CCA900B4A6B4 /* WeatherViewController.swift */ = {isa = PBXFileReference; lastKnownFileType = sourcecode.swift; path = WeatherViewController.swift; sourceTree = "<group>"; };
		FAA5AA6327B8CD0B00B4A6B4 /* WeatherScreen.swift */ = {isa = PBXFileReference; lastKnownFileType = sourcecode.swift; path = WeatherScreen.swift; sourceTree = "<group>"; };
		FAA5AA6927B8D23500B4A6B4 /* WeatherScreenResultModel.swift */ = {isa = PBXFileReference; lastKnownFileType = sourcecode.swift; path = WeatherScreenResultModel.swift; sourceTree = "<group>"; };
		FAA5AA6B27B8D5D200B4A6B4 /* WeathersResponseModel.swift */ = {isa = PBXFileReference; lastKnownFileType = sourcecode.swift; path = WeathersResponseModel.swift; sourceTree = "<group>"; };
		FAA5AA6F27B8DBD400B4A6B4 /* NavigationItemLeftView.swift */ = {isa = PBXFileReference; lastKnownFileType = sourcecode.swift; path = NavigationItemLeftView.swift; sourceTree = "<group>"; };
		FAA5AA7127B8DCA000B4A6B4 /* UIImage+Properties.swift */ = {isa = PBXFileReference; lastKnownFileType = sourcecode.swift; path = "UIImage+Properties.swift"; sourceTree = "<group>"; };
		FAA5AA7327B8DE0A00B4A6B4 /* UIView+Helper.swift */ = {isa = PBXFileReference; lastKnownFileType = sourcecode.swift; path = "UIView+Helper.swift"; sourceTree = "<group>"; };
		FAA5AA7627B8E91800B4A6B4 /* BaseInformationView.swift */ = {isa = PBXFileReference; lastKnownFileType = sourcecode.swift; path = BaseInformationView.swift; sourceTree = "<group>"; };
		FAA5AA7827B8FBFB00B4A6B4 /* UIImageView+Helper.swift */ = {isa = PBXFileReference; lastKnownFileType = sourcecode.swift; path = "UIImageView+Helper.swift"; sourceTree = "<group>"; };
		FAA5AA7A27B906D100B4A6B4 /* WeekInformationView.swift */ = {isa = PBXFileReference; lastKnownFileType = sourcecode.swift; path = WeekInformationView.swift; sourceTree = "<group>"; };
		FAA5AA7C27B9088800B4A6B4 /* UICollectionViewFlowLayout+Helper.swift */ = {isa = PBXFileReference; lastKnownFileType = sourcecode.swift; path = "UICollectionViewFlowLayout+Helper.swift"; sourceTree = "<group>"; };
		FAA5AA7E27B90A2B00B4A6B4 /* DeviceInformation.swift */ = {isa = PBXFileReference; lastKnownFileType = sourcecode.swift; path = DeviceInformation.swift; sourceTree = "<group>"; };
		FAA5AA8127B9178B00B4A6B4 /* DayWeatherItemCollectionViewCell.swift */ = {isa = PBXFileReference; lastKnownFileType = sourcecode.swift; path = DayWeatherItemCollectionViewCell.swift; sourceTree = "<group>"; };
		FAA5AA8527B931CD00B4A6B4 /* DetailViewModel.swift */ = {isa = PBXFileReference; lastKnownFileType = sourcecode.swift; path = DetailViewModel.swift; sourceTree = "<group>"; };
		FAA5AA8727B931E800B4A6B4 /* DetailViewController.swift */ = {isa = PBXFileReference; lastKnownFileType = sourcecode.swift; path = DetailViewController.swift; sourceTree = "<group>"; };
		FAA5AA8927B9329D00B4A6B4 /* DetailScreen.swift */ = {isa = PBXFileReference; lastKnownFileType = sourcecode.swift; path = DetailScreen.swift; sourceTree = "<group>"; };
		FAA5AA8B27B9480900B4A6B4 /* LogWeatherItemCollectionViewCell.swift */ = {isa = PBXFileReference; lastKnownFileType = sourcecode.swift; path = LogWeatherItemCollectionViewCell.swift; sourceTree = "<group>"; };
		FAA5AA8D27B94A6E00B4A6B4 /* LogInformationView.swift */ = {isa = PBXFileReference; lastKnownFileType = sourcecode.swift; path = LogInformationView.swift; sourceTree = "<group>"; };
		FAA5AA8F27B95F2F00B4A6B4 /* DetailScreenResultModel.swift */ = {isa = PBXFileReference; lastKnownFileType = sourcecode.swift; path = DetailScreenResultModel.swift; sourceTree = "<group>"; };
		FAC211C327B680E400C14536 /* kfm-ios-test.app */ = {isa = PBXFileReference; explicitFileType = wrapper.application; includeInIndex = 0; path = "kfm-ios-test.app"; sourceTree = BUILT_PRODUCTS_DIR; };
		FAC211C627B680E400C14536 /* AppDelegate.swift */ = {isa = PBXFileReference; lastKnownFileType = sourcecode.swift; path = AppDelegate.swift; sourceTree = "<group>"; };
		FAC211CA27B680E400C14536 /* ViewController.swift */ = {isa = PBXFileReference; lastKnownFileType = sourcecode.swift; path = ViewController.swift; sourceTree = "<group>"; };
		FAC211CF27B680E700C14536 /* Assets.xcassets */ = {isa = PBXFileReference; lastKnownFileType = folder.assetcatalog; path = Assets.xcassets; sourceTree = "<group>"; };
		FAC211D227B680E700C14536 /* Base */ = {isa = PBXFileReference; lastKnownFileType = file.storyboard; name = Base; path = Base.lproj/LaunchScreen.storyboard; sourceTree = "<group>"; };
		FAC211D427B680E700C14536 /* Info.plist */ = {isa = PBXFileReference; lastKnownFileType = text.plist.xml; path = Info.plist; sourceTree = "<group>"; };
		FAC211D927B680E800C14536 /* kfm-ios-testTests.xctest */ = {isa = PBXFileReference; explicitFileType = wrapper.cfbundle; includeInIndex = 0; path = "kfm-ios-testTests.xctest"; sourceTree = BUILT_PRODUCTS_DIR; };
		FAC211DD27B680E800C14536 /* kfm_ios_testTests.swift */ = {isa = PBXFileReference; lastKnownFileType = sourcecode.swift; path = kfm_ios_testTests.swift; sourceTree = "<group>"; };
		FAC211DF27B680E800C14536 /* Info.plist */ = {isa = PBXFileReference; lastKnownFileType = text.plist.xml; path = Info.plist; sourceTree = "<group>"; };
		FAC211E427B680E800C14536 /* kfm-ios-testUITests.xctest */ = {isa = PBXFileReference; explicitFileType = wrapper.cfbundle; includeInIndex = 0; path = "kfm-ios-testUITests.xctest"; sourceTree = BUILT_PRODUCTS_DIR; };
		FAC211E827B680E800C14536 /* kfm_ios_testUITests.swift */ = {isa = PBXFileReference; lastKnownFileType = sourcecode.swift; path = kfm_ios_testUITests.swift; sourceTree = "<group>"; };
		FAC211EA27B680E800C14536 /* Info.plist */ = {isa = PBXFileReference; lastKnownFileType = text.plist.xml; path = Info.plist; sourceTree = "<group>"; };
		FAF313C927B7C8D20068C1D4 /* HomeCoordinator.swift */ = {isa = PBXFileReference; lastKnownFileType = sourcecode.swift; path = HomeCoordinator.swift; sourceTree = "<group>"; };
		FAF313CB27B7C8E30068C1D4 /* AppCoordinator.swift */ = {isa = PBXFileReference; lastKnownFileType = sourcecode.swift; path = AppCoordinator.swift; sourceTree = "<group>"; };
		FAF313CE27B7CF780068C1D4 /* ScreenResult.swift */ = {isa = PBXFileReference; lastKnownFileType = sourcecode.swift; path = ScreenResult.swift; sourceTree = "<group>"; };
		FAF313D027B7CFBC0068C1D4 /* NavigationEvent.swift */ = {isa = PBXFileReference; lastKnownFileType = sourcecode.swift; path = NavigationEvent.swift; sourceTree = "<group>"; };
		FAF313D227B7D0830068C1D4 /* Screen.swift */ = {isa = PBXFileReference; lastKnownFileType = sourcecode.swift; path = Screen.swift; sourceTree = "<group>"; };
		FAF313D427B7D1D30068C1D4 /* NavigationCoordinator.swift */ = {isa = PBXFileReference; lastKnownFileType = sourcecode.swift; path = NavigationCoordinator.swift; sourceTree = "<group>"; };
		FAF313DA27B7D79B0068C1D4 /* HomeViewModel.swift */ = {isa = PBXFileReference; lastKnownFileType = sourcecode.swift; path = HomeViewModel.swift; sourceTree = "<group>"; };
		FAF313DE27B7D8370068C1D4 /* HomeViewController.swift */ = {isa = PBXFileReference; lastKnownFileType = sourcecode.swift; path = HomeViewController.swift; sourceTree = "<group>"; };
		FAF313E027B7D8DC0068C1D4 /* HomeScreen.swift */ = {isa = PBXFileReference; lastKnownFileType = sourcecode.swift; path = HomeScreen.swift; sourceTree = "<group>"; };
		FAF313EA27B7F5110068C1D4 /* StringConstant.swift */ = {isa = PBXFileReference; lastKnownFileType = sourcecode.swift; path = StringConstant.swift; sourceTree = "<group>"; };
		FAF313ED27B7FE910068C1D4 /* APIProvider.swift */ = {isa = PBXFileReference; lastKnownFileType = sourcecode.swift; path = APIProvider.swift; sourceTree = "<group>"; };
		FAF313F127B817CE0068C1D4 /* WeatherEndpoint.swift */ = {isa = PBXFileReference; lastKnownFileType = sourcecode.swift; path = WeatherEndpoint.swift; sourceTree = "<group>"; };
		FAF313F727B82ED30068C1D4 /* LocationSearchResponseModel.swift */ = {isa = PBXFileReference; lastKnownFileType = sourcecode.swift; path = LocationSearchResponseModel.swift; sourceTree = "<group>"; };
		FAF313F927B830EC0068C1D4 /* BaseEndpoint.swift */ = {isa = PBXFileReference; lastKnownFileType = sourcecode.swift; path = BaseEndpoint.swift; sourceTree = "<group>"; };
		FAF313FB27B838AD0068C1D4 /* RxCocoa.framework */ = {isa = PBXFileReference; explicitFileType = wrapper.framework; path = RxCocoa.framework; sourceTree = BUILT_PRODUCTS_DIR; };
		FAF313FC27B838AD0068C1D4 /* RxSwift.framework */ = {isa = PBXFileReference; explicitFileType = wrapper.framework; path = RxSwift.framework; sourceTree = BUILT_PRODUCTS_DIR; };
		FAF3140227B838C80068C1D4 /* RxRelay.framework */ = {isa = PBXFileReference; explicitFileType = wrapper.framework; path = RxRelay.framework; sourceTree = BUILT_PRODUCTS_DIR; };
		FAF3140527B83F3E0068C1D4 /* String+Helper.swift */ = {isa = PBXFileReference; lastKnownFileType = sourcecode.swift; path = "String+Helper.swift"; sourceTree = "<group>"; };
		FAF3140727B83F680068C1D4 /* AppDelegate+Helper.swift */ = {isa = PBXFileReference; lastKnownFileType = sourcecode.swift; path = "AppDelegate+Helper.swift"; sourceTree = "<group>"; };
		FAF3140927B83F860068C1D4 /* UITableView+Helper.swift */ = {isa = PBXFileReference; lastKnownFileType = sourcecode.swift; path = "UITableView+Helper.swift"; sourceTree = "<group>"; };
		FAF3140B27B83FBA0068C1D4 /* UICollectionView+Helper.swift */ = {isa = PBXFileReference; lastKnownFileType = sourcecode.swift; path = "UICollectionView+Helper.swift"; sourceTree = "<group>"; };
		FAF3140D27B83FE20068C1D4 /* Reusable+Helper.swift */ = {isa = PBXFileReference; lastKnownFileType = sourcecode.swift; path = "Reusable+Helper.swift"; sourceTree = "<group>"; };
		FAF3141127B849BC0068C1D4 /* ViewController+Alert.swift */ = {isa = PBXFileReference; lastKnownFileType = sourcecode.swift; path = "ViewController+Alert.swift"; sourceTree = "<group>"; };
		FAF3141327B853E00068C1D4 /* UIView+Indicator.swift */ = {isa = PBXFileReference; lastKnownFileType = sourcecode.swift; path = "UIView+Indicator.swift"; sourceTree = "<group>"; };
/* End PBXFileReference section */

/* Begin PBXFrameworksBuildPhase section */
		FAC211C027B680E400C14536 /* Frameworks */ = {
			isa = PBXFrameworksBuildPhase;
			buildActionMask = 2147483647;
			files = (
				4C4F6F5FD8F402ECE3434D15 /* Pods_kfm_ios_test.framework in Frameworks */,
			);
			runOnlyForDeploymentPostprocessing = 0;
		};
		FAC211D627B680E800C14536 /* Frameworks */ = {
			isa = PBXFrameworksBuildPhase;
			buildActionMask = 2147483647;
			files = (
				F0A384A7B9BE4D531378BFC3 /* Pods_kfm_ios_testTests.framework in Frameworks */,
			);
			runOnlyForDeploymentPostprocessing = 0;
		};
		FAC211E127B680E800C14536 /* Frameworks */ = {
			isa = PBXFrameworksBuildPhase;
			buildActionMask = 2147483647;
			files = (
				7285010BB773089AAD5A12FB /* Pods_kfm_ios_test_kfm_ios_testUITests.framework in Frameworks */,
			);
			runOnlyForDeploymentPostprocessing = 0;
		};
/* End PBXFrameworksBuildPhase section */

/* Begin PBXGroup section */
		4FC940B08D44D7F5E5B31C0E /* Pods */ = {
			isa = PBXGroup;
			children = (
				534B315C22484BD16D87EB4D /* Pods-kfm-ios-test.debug.xcconfig */,
				66932180E5BC03B41385AD1D /* Pods-kfm-ios-test.release.xcconfig */,
				0DA87A6DA7F5306D7D27A9D1 /* Pods-kfm-ios-test-kfm-ios-testUITests.debug.xcconfig */,
				E22F6AF2DA252B68D9BF871A /* Pods-kfm-ios-test-kfm-ios-testUITests.release.xcconfig */,
				93D924B1ED571FC8CEBB0A96 /* Pods-kfm-ios-testTests.debug.xcconfig */,
				F37B7CF6B995C59862DE1E08 /* Pods-kfm-ios-testTests.release.xcconfig */,
			);
			path = Pods;
			sourceTree = "<group>";
		};
		AE19C264EC54660AE72BAE1E /* Frameworks */ = {
			isa = PBXGroup;
			children = (
				FAF3140227B838C80068C1D4 /* RxRelay.framework */,
				FAF313FB27B838AD0068C1D4 /* RxCocoa.framework */,
				FAF313FC27B838AD0068C1D4 /* RxSwift.framework */,
				665A40D8C39CC849B7A4611B /* Pods_kfm_ios_test.framework */,
				0090B6A930D47CDA3D22A728 /* Pods_kfm_ios_test_kfm_ios_testUITests.framework */,
				3BD25D6A3538DC661306A142 /* Pods_kfm_ios_testTests.framework */,
			);
			name = Frameworks;
			sourceTree = "<group>";
		};
		FA94D2B127B6E23400458A3F /* Delegate */ = {
			isa = PBXGroup;
			children = (
				FAC211C627B680E400C14536 /* AppDelegate.swift */,
			);
			path = Delegate;
			sourceTree = "<group>";
		};
		FA94D2B727B6E53B00458A3F /* Components */ = {
			isa = PBXGroup;
			children = (
				FAA5AA8027B9174200B4A6B4 /* Cells */,
				FAA5AA6D27B8DBA200B4A6B4 /* Views */,
				FAF313F527B82EB10068C1D4 /* Entities */,
				FAF313EC27B7FE770068C1D4 /* Networks */,
				FAF313E927B7F4EF0068C1D4 /* Constants */,
				FAF313C727B7C2820068C1D4 /* Coordinators */,
				FA94D2BF27B6F6D800458A3F /* Extensions */,
				FA94D2BC27B6EBC800458A3F /* Vendors */,
				FAA5AA7E27B90A2B00B4A6B4 /* DeviceInformation.swift */,
			);
			path = Components;
			sourceTree = "<group>";
		};
		FA94D2BC27B6EBC800458A3F /* Vendors */ = {
			isa = PBXGroup;
			children = (
				FA94D2BD27B6EBD800458A3F /* Then.swift */,
			);
			path = Vendors;
			sourceTree = "<group>";
		};
		FA94D2BF27B6F6D800458A3F /* Extensions */ = {
			isa = PBXGroup;
			children = (
				FAF3140527B83F3E0068C1D4 /* String+Helper.swift */,
				FAF3140727B83F680068C1D4 /* AppDelegate+Helper.swift */,
				FAF3140927B83F860068C1D4 /* UITableView+Helper.swift */,
				FAF3140B27B83FBA0068C1D4 /* UICollectionView+Helper.swift */,
				FAF3140D27B83FE20068C1D4 /* Reusable+Helper.swift */,
				FAF3141127B849BC0068C1D4 /* ViewController+Alert.swift */,
				FAF3141327B853E00068C1D4 /* UIView+Indicator.swift */,
				FAA5AA7127B8DCA000B4A6B4 /* UIImage+Properties.swift */,
				FAA5AA7327B8DE0A00B4A6B4 /* UIView+Helper.swift */,
				FAA5AA7827B8FBFB00B4A6B4 /* UIImageView+Helper.swift */,
				FAA5AA7C27B9088800B4A6B4 /* UICollectionViewFlowLayout+Helper.swift */,
			);
			path = Extensions;
			sourceTree = "<group>";
		};
		FAA5AA5E27B8CC6400B4A6B4 /* Weather */ = {
			isa = PBXGroup;
			children = (
				FAA5AA5F27B8CC9400B4A6B4 /* WeatherViewModel.swift */,
				FAA5AA6127B8CCA900B4A6B4 /* WeatherViewController.swift */,
				FAA5AA6327B8CD0B00B4A6B4 /* WeatherScreen.swift */,
			);
			path = Weather;
			sourceTree = "<group>";
		};
		FAA5AA6827B8D22000B4A6B4 /* ScreenResults */ = {
			isa = PBXGroup;
			children = (
				FAA5AA6927B8D23500B4A6B4 /* WeatherScreenResultModel.swift */,
				FAA5AA8F27B95F2F00B4A6B4 /* DetailScreenResultModel.swift */,
			);
			path = ScreenResults;
			sourceTree = "<group>";
		};
		FAA5AA6D27B8DBA200B4A6B4 /* Views */ = {
			isa = PBXGroup;
			children = (
				FAA5AA7527B8E90300B4A6B4 /* Weather */,
				FAA5AA6E27B8DBAF00B4A6B4 /* Navigation */,
			);
			path = Views;
			sourceTree = "<group>";
		};
		FAA5AA6E27B8DBAF00B4A6B4 /* Navigation */ = {
			isa = PBXGroup;
			children = (
				FAA5AA6F27B8DBD400B4A6B4 /* NavigationItemLeftView.swift */,
			);
			path = Navigation;
			sourceTree = "<group>";
		};
		FAA5AA7527B8E90300B4A6B4 /* Weather */ = {
			isa = PBXGroup;
			children = (
				FAA5AA7627B8E91800B4A6B4 /* BaseInformationView.swift */,
				FAA5AA7A27B906D100B4A6B4 /* WeekInformationView.swift */,
				FAA5AA8D27B94A6E00B4A6B4 /* LogInformationView.swift */,
			);
			path = Weather;
			sourceTree = "<group>";
		};
		FAA5AA8027B9174200B4A6B4 /* Cells */ = {
			isa = PBXGroup;
			children = (
				FAA5AA8127B9178B00B4A6B4 /* DayWeatherItemCollectionViewCell.swift */,
				FAA5AA8B27B9480900B4A6B4 /* LogWeatherItemCollectionViewCell.swift */,
			);
			path = Cells;
			sourceTree = "<group>";
		};
		FAA5AA8427B931BD00B4A6B4 /* Detail */ = {
			isa = PBXGroup;
			children = (
				FAA5AA8527B931CD00B4A6B4 /* DetailViewModel.swift */,
				FAA5AA8727B931E800B4A6B4 /* DetailViewController.swift */,
				FAA5AA8927B9329D00B4A6B4 /* DetailScreen.swift */,
			);
			path = Detail;
			sourceTree = "<group>";
		};
		FAC211BA27B680E400C14536 = {
			isa = PBXGroup;
			children = (
				FAC211C527B680E400C14536 /* kfm-ios-test */,
				FAC211DC27B680E800C14536 /* kfm-ios-testTests */,
				FAC211E727B680E800C14536 /* kfm-ios-testUITests */,
				FAC211C427B680E400C14536 /* Products */,
				4FC940B08D44D7F5E5B31C0E /* Pods */,
				AE19C264EC54660AE72BAE1E /* Frameworks */,
			);
			sourceTree = "<group>";
		};
		FAC211C427B680E400C14536 /* Products */ = {
			isa = PBXGroup;
			children = (
				FAC211C327B680E400C14536 /* kfm-ios-test.app */,
				FAC211D927B680E800C14536 /* kfm-ios-testTests.xctest */,
				FAC211E427B680E800C14536 /* kfm-ios-testUITests.xctest */,
			);
			name = Products;
			sourceTree = "<group>";
		};
		FAC211C527B680E400C14536 /* kfm-ios-test */ = {
			isa = PBXGroup;
			children = (
				FAF313D627B7D7480068C1D4 /* Screens */,
				FAF313CD27B7CF5A0068C1D4 /* Base */,
				FA94D2B727B6E53B00458A3F /* Components */,
				FA94D2B127B6E23400458A3F /* Delegate */,
				FAC211CA27B680E400C14536 /* ViewController.swift */,
				FAC211CF27B680E700C14536 /* Assets.xcassets */,
				FAC211D127B680E700C14536 /* LaunchScreen.storyboard */,
				FAC211D427B680E700C14536 /* Info.plist */,
			);
			path = "kfm-ios-test";
			sourceTree = "<group>";
		};
		FAC211DC27B680E800C14536 /* kfm-ios-testTests */ = {
			isa = PBXGroup;
			children = (
				FAC211DD27B680E800C14536 /* kfm_ios_testTests.swift */,
				FAC211DF27B680E800C14536 /* Info.plist */,
			);
			path = "kfm-ios-testTests";
			sourceTree = "<group>";
		};
		FAC211E727B680E800C14536 /* kfm-ios-testUITests */ = {
			isa = PBXGroup;
			children = (
				FAC211E827B680E800C14536 /* kfm_ios_testUITests.swift */,
				FAC211EA27B680E800C14536 /* Info.plist */,
			);
			path = "kfm-ios-testUITests";
			sourceTree = "<group>";
		};
		FAF313C727B7C2820068C1D4 /* Coordinators */ = {
			isa = PBXGroup;
			children = (
				FAF313C827B7C8BC0068C1D4 /* Home */,
				FAF313CB27B7C8E30068C1D4 /* AppCoordinator.swift */,
			);
			path = Coordinators;
			sourceTree = "<group>";
		};
		FAF313C827B7C8BC0068C1D4 /* Home */ = {
			isa = PBXGroup;
			children = (
				FAF313C927B7C8D20068C1D4 /* HomeCoordinator.swift */,
			);
			path = Home;
			sourceTree = "<group>";
		};
		FAF313CD27B7CF5A0068C1D4 /* Base */ = {
			isa = PBXGroup;
			children = (
				FAF313CE27B7CF780068C1D4 /* ScreenResult.swift */,
				FAF313D027B7CFBC0068C1D4 /* NavigationEvent.swift */,
				FAF313D227B7D0830068C1D4 /* Screen.swift */,
				FAF313D427B7D1D30068C1D4 /* NavigationCoordinator.swift */,
			);
			path = Base;
			sourceTree = "<group>";
		};
		FAF313D627B7D7480068C1D4 /* Screens */ = {
			isa = PBXGroup;
			children = (
				FAA5AA8427B931BD00B4A6B4 /* Detail */,
				FAA5AA5E27B8CC6400B4A6B4 /* Weather */,
				FAF313D727B7D74F0068C1D4 /* Home */,
			);
			path = Screens;
			sourceTree = "<group>";
		};
		FAF313D727B7D74F0068C1D4 /* Home */ = {
			isa = PBXGroup;
			children = (
				FAF313DA27B7D79B0068C1D4 /* HomeViewModel.swift */,
				FAF313DE27B7D8370068C1D4 /* HomeViewController.swift */,
				FAF313E027B7D8DC0068C1D4 /* HomeScreen.swift */,
			);
			path = Home;
			sourceTree = "<group>";
		};
		FAF313E927B7F4EF0068C1D4 /* Constants */ = {
			isa = PBXGroup;
			children = (
				FAF313EA27B7F5110068C1D4 /* StringConstant.swift */,
			);
			path = Constants;
			sourceTree = "<group>";
		};
		FAF313EC27B7FE770068C1D4 /* Networks */ = {
			isa = PBXGroup;
			children = (
				FAF313F027B817A70068C1D4 /* Endpoints */,
				FAF313ED27B7FE910068C1D4 /* APIProvider.swift */,
				FAF313F927B830EC0068C1D4 /* BaseEndpoint.swift */,
			);
			path = Networks;
			sourceTree = "<group>";
		};
		FAF313F027B817A70068C1D4 /* Endpoints */ = {
			isa = PBXGroup;
			children = (
				FAF313F127B817CE0068C1D4 /* WeatherEndpoint.swift */,
			);
			path = Endpoints;
			sourceTree = "<group>";
		};
		FAF313F527B82EB10068C1D4 /* Entities */ = {
			isa = PBXGroup;
			children = (
				FAA5AA6827B8D22000B4A6B4 /* ScreenResults */,
				FAF313F627B82EBB0068C1D4 /* Responses */,
			);
			path = Entities;
			sourceTree = "<group>";
		};
		FAF313F627B82EBB0068C1D4 /* Responses */ = {
			isa = PBXGroup;
			children = (
				FAF313F727B82ED30068C1D4 /* LocationSearchResponseModel.swift */,
				FAA5AA6B27B8D5D200B4A6B4 /* WeathersResponseModel.swift */,
			);
			path = Responses;
			sourceTree = "<group>";
		};
/* End PBXGroup section */

/* Begin PBXNativeTarget section */
		FAC211C227B680E400C14536 /* kfm-ios-test */ = {
			isa = PBXNativeTarget;
			buildConfigurationList = FAC211ED27B680E800C14536 /* Build configuration list for PBXNativeTarget "kfm-ios-test" */;
			buildPhases = (
				8B74112623E63C53FF9240AB /* [CP] Check Pods Manifest.lock */,
				FAC211BF27B680E400C14536 /* Sources */,
				FAC211C027B680E400C14536 /* Frameworks */,
				FAC211C127B680E400C14536 /* Resources */,
				FA94D2B027B6D1B000458A3F /* ShellScript */,
				205A4B80749648147B41B655 /* [CP] Embed Pods Frameworks */,
			);
			buildRules = (
			);
			dependencies = (
			);
			name = "kfm-ios-test";
			productName = "kfm-ios-test";
			productReference = FAC211C327B680E400C14536 /* kfm-ios-test.app */;
			productType = "com.apple.product-type.application";
		};
		FAC211D827B680E800C14536 /* kfm-ios-testTests */ = {
			isa = PBXNativeTarget;
			buildConfigurationList = FAC211F027B680E800C14536 /* Build configuration list for PBXNativeTarget "kfm-ios-testTests" */;
			buildPhases = (
				B9C9F03C08BAD25A5FA257BF /* [CP] Check Pods Manifest.lock */,
				FAC211D527B680E800C14536 /* Sources */,
				FAC211D627B680E800C14536 /* Frameworks */,
				FAC211D727B680E800C14536 /* Resources */,
			);
			buildRules = (
			);
			dependencies = (
				FAC211DB27B680E800C14536 /* PBXTargetDependency */,
			);
			name = "kfm-ios-testTests";
			productName = "kfm-ios-testTests";
			productReference = FAC211D927B680E800C14536 /* kfm-ios-testTests.xctest */;
			productType = "com.apple.product-type.bundle.unit-test";
		};
		FAC211E327B680E800C14536 /* kfm-ios-testUITests */ = {
			isa = PBXNativeTarget;
			buildConfigurationList = FAC211F327B680E800C14536 /* Build configuration list for PBXNativeTarget "kfm-ios-testUITests" */;
			buildPhases = (
				0A4946FE0330125CEF809D80 /* [CP] Check Pods Manifest.lock */,
				FAC211E027B680E800C14536 /* Sources */,
				FAC211E127B680E800C14536 /* Frameworks */,
				FAC211E227B680E800C14536 /* Resources */,
				B88CAB4F0403B2DFDFA3B472 /* [CP] Embed Pods Frameworks */,
			);
			buildRules = (
			);
			dependencies = (
				FAC211E627B680E800C14536 /* PBXTargetDependency */,
			);
			name = "kfm-ios-testUITests";
			productName = "kfm-ios-testUITests";
			productReference = FAC211E427B680E800C14536 /* kfm-ios-testUITests.xctest */;
			productType = "com.apple.product-type.bundle.ui-testing";
		};
/* End PBXNativeTarget section */

/* Begin PBXProject section */
		FAC211BB27B680E400C14536 /* Project object */ = {
			isa = PBXProject;
			attributes = {
				LastSwiftUpdateCheck = 1250;
				LastUpgradeCheck = 1250;
				TargetAttributes = {
					FAC211C227B680E400C14536 = {
						CreatedOnToolsVersion = 12.5;
					};
					FAC211D827B680E800C14536 = {
						CreatedOnToolsVersion = 12.5;
						TestTargetID = FAC211C227B680E400C14536;
					};
					FAC211E327B680E800C14536 = {
						CreatedOnToolsVersion = 12.5;
						TestTargetID = FAC211C227B680E400C14536;
					};
				};
			};
			buildConfigurationList = FAC211BE27B680E400C14536 /* Build configuration list for PBXProject "kfm-ios-test" */;
			compatibilityVersion = "Xcode 9.3";
			developmentRegion = en;
			hasScannedForEncodings = 0;
			knownRegions = (
				en,
				Base,
			);
			mainGroup = FAC211BA27B680E400C14536;
			productRefGroup = FAC211C427B680E400C14536 /* Products */;
			projectDirPath = "";
			projectRoot = "";
			targets = (
				FAC211C227B680E400C14536 /* kfm-ios-test */,
				FAC211D827B680E800C14536 /* kfm-ios-testTests */,
				FAC211E327B680E800C14536 /* kfm-ios-testUITests */,
			);
		};
/* End PBXProject section */

/* Begin PBXResourcesBuildPhase section */
		FAC211C127B680E400C14536 /* Resources */ = {
			isa = PBXResourcesBuildPhase;
			buildActionMask = 2147483647;
			files = (
				FAC211D327B680E700C14536 /* LaunchScreen.storyboard in Resources */,
				FAC211D027B680E700C14536 /* Assets.xcassets in Resources */,
			);
			runOnlyForDeploymentPostprocessing = 0;
		};
		FAC211D727B680E800C14536 /* Resources */ = {
			isa = PBXResourcesBuildPhase;
			buildActionMask = 2147483647;
			files = (
			);
			runOnlyForDeploymentPostprocessing = 0;
		};
		FAC211E227B680E800C14536 /* Resources */ = {
			isa = PBXResourcesBuildPhase;
			buildActionMask = 2147483647;
			files = (
			);
			runOnlyForDeploymentPostprocessing = 0;
		};
/* End PBXResourcesBuildPhase section */

/* Begin PBXShellScriptBuildPhase section */
		0A4946FE0330125CEF809D80 /* [CP] Check Pods Manifest.lock */ = {
			isa = PBXShellScriptBuildPhase;
			buildActionMask = 2147483647;
			files = (
			);
			inputFileListPaths = (
			);
			inputPaths = (
				"${PODS_PODFILE_DIR_PATH}/Podfile.lock",
				"${PODS_ROOT}/Manifest.lock",
			);
			name = "[CP] Check Pods Manifest.lock";
			outputFileListPaths = (
			);
			outputPaths = (
				"$(DERIVED_FILE_DIR)/Pods-kfm-ios-test-kfm-ios-testUITests-checkManifestLockResult.txt",
			);
			runOnlyForDeploymentPostprocessing = 0;
			shellPath = /bin/sh;
			shellScript = "diff \"${PODS_PODFILE_DIR_PATH}/Podfile.lock\" \"${PODS_ROOT}/Manifest.lock\" > /dev/null\nif [ $? != 0 ] ; then\n    # print error to STDERR\n    echo \"error: The sandbox is not in sync with the Podfile.lock. Run 'pod install' or update your CocoaPods installation.\" >&2\n    exit 1\nfi\n# This output is used by Xcode 'outputs' to avoid re-running this script phase.\necho \"SUCCESS\" > \"${SCRIPT_OUTPUT_FILE_0}\"\n";
			showEnvVarsInLog = 0;
		};
		205A4B80749648147B41B655 /* [CP] Embed Pods Frameworks */ = {
			isa = PBXShellScriptBuildPhase;
			buildActionMask = 2147483647;
			files = (
			);
			inputFileListPaths = (
				"${PODS_ROOT}/Target Support Files/Pods-kfm-ios-test/Pods-kfm-ios-test-frameworks-${CONFIGURATION}-input-files.xcfilelist",
			);
			name = "[CP] Embed Pods Frameworks";
			outputFileListPaths = (
				"${PODS_ROOT}/Target Support Files/Pods-kfm-ios-test/Pods-kfm-ios-test-frameworks-${CONFIGURATION}-output-files.xcfilelist",
			);
			runOnlyForDeploymentPostprocessing = 0;
			shellPath = /bin/sh;
			shellScript = "\"${PODS_ROOT}/Target Support Files/Pods-kfm-ios-test/Pods-kfm-ios-test-frameworks.sh\"\n";
			showEnvVarsInLog = 0;
		};
		8B74112623E63C53FF9240AB /* [CP] Check Pods Manifest.lock */ = {
			isa = PBXShellScriptBuildPhase;
			buildActionMask = 2147483647;
			files = (
			);
			inputFileListPaths = (
			);
			inputPaths = (
				"${PODS_PODFILE_DIR_PATH}/Podfile.lock",
				"${PODS_ROOT}/Manifest.lock",
			);
			name = "[CP] Check Pods Manifest.lock";
			outputFileListPaths = (
			);
			outputPaths = (
				"$(DERIVED_FILE_DIR)/Pods-kfm-ios-test-checkManifestLockResult.txt",
			);
			runOnlyForDeploymentPostprocessing = 0;
			shellPath = /bin/sh;
			shellScript = "diff \"${PODS_PODFILE_DIR_PATH}/Podfile.lock\" \"${PODS_ROOT}/Manifest.lock\" > /dev/null\nif [ $? != 0 ] ; then\n    # print error to STDERR\n    echo \"error: The sandbox is not in sync with the Podfile.lock. Run 'pod install' or update your CocoaPods installation.\" >&2\n    exit 1\nfi\n# This output is used by Xcode 'outputs' to avoid re-running this script phase.\necho \"SUCCESS\" > \"${SCRIPT_OUTPUT_FILE_0}\"\n";
			showEnvVarsInLog = 0;
		};
		B88CAB4F0403B2DFDFA3B472 /* [CP] Embed Pods Frameworks */ = {
			isa = PBXShellScriptBuildPhase;
			buildActionMask = 2147483647;
			files = (
			);
			inputFileListPaths = (
				"${PODS_ROOT}/Target Support Files/Pods-kfm-ios-test-kfm-ios-testUITests/Pods-kfm-ios-test-kfm-ios-testUITests-frameworks-${CONFIGURATION}-input-files.xcfilelist",
			);
			name = "[CP] Embed Pods Frameworks";
			outputFileListPaths = (
				"${PODS_ROOT}/Target Support Files/Pods-kfm-ios-test-kfm-ios-testUITests/Pods-kfm-ios-test-kfm-ios-testUITests-frameworks-${CONFIGURATION}-output-files.xcfilelist",
			);
			runOnlyForDeploymentPostprocessing = 0;
			shellPath = /bin/sh;
			shellScript = "\"${PODS_ROOT}/Target Support Files/Pods-kfm-ios-test-kfm-ios-testUITests/Pods-kfm-ios-test-kfm-ios-testUITests-frameworks.sh\"\n";
			showEnvVarsInLog = 0;
		};
		B9C9F03C08BAD25A5FA257BF /* [CP] Check Pods Manifest.lock */ = {
			isa = PBXShellScriptBuildPhase;
			buildActionMask = 2147483647;
			files = (
			);
			inputFileListPaths = (
			);
			inputPaths = (
				"${PODS_PODFILE_DIR_PATH}/Podfile.lock",
				"${PODS_ROOT}/Manifest.lock",
			);
			name = "[CP] Check Pods Manifest.lock";
			outputFileListPaths = (
			);
			outputPaths = (
				"$(DERIVED_FILE_DIR)/Pods-kfm-ios-testTests-checkManifestLockResult.txt",
			);
			runOnlyForDeploymentPostprocessing = 0;
			shellPath = /bin/sh;
			shellScript = "diff \"${PODS_PODFILE_DIR_PATH}/Podfile.lock\" \"${PODS_ROOT}/Manifest.lock\" > /dev/null\nif [ $? != 0 ] ; then\n    # print error to STDERR\n    echo \"error: The sandbox is not in sync with the Podfile.lock. Run 'pod install' or update your CocoaPods installation.\" >&2\n    exit 1\nfi\n# This output is used by Xcode 'outputs' to avoid re-running this script phase.\necho \"SUCCESS\" > \"${SCRIPT_OUTPUT_FILE_0}\"\n";
			showEnvVarsInLog = 0;
		};
		FA94D2B027B6D1B000458A3F /* ShellScript */ = {
			isa = PBXShellScriptBuildPhase;
			buildActionMask = 2147483647;
			files = (
			);
			inputFileListPaths = (
			);
			inputPaths = (
			);
			outputFileListPaths = (
			);
			outputPaths = (
			);
			runOnlyForDeploymentPostprocessing = 0;
			shellPath = /bin/sh;
			shellScript = "# Type a script or drag a script file from your workspace to insert its path.\n\"${PODS_ROOT}/SwiftLint/swiftlint\"\n";
		};
/* End PBXShellScriptBuildPhase section */

/* Begin PBXSourcesBuildPhase section */
		FAC211BF27B680E400C14536 /* Sources */ = {
			isa = PBXSourcesBuildPhase;
			buildActionMask = 2147483647;
			files = (
				FAF313EE27B7FE910068C1D4 /* APIProvider.swift in Sources */,
				FAC211CB27B680E400C14536 /* ViewController.swift in Sources */,
				FAF3141427B853E00068C1D4 /* UIView+Indicator.swift in Sources */,
				FAA5AA8227B9178B00B4A6B4 /* DayWeatherItemCollectionViewCell.swift in Sources */,
				FAF313E127B7D8DC0068C1D4 /* HomeScreen.swift in Sources */,
				FAF3140627B83F3E0068C1D4 /* String+Helper.swift in Sources */,
				FAA5AA6A27B8D23500B4A6B4 /* WeatherScreenResultModel.swift in Sources */,
				FAA5AA8827B931E800B4A6B4 /* DetailViewController.swift in Sources */,
				FAF3140E27B83FE20068C1D4 /* Reusable+Helper.swift in Sources */,
				FAC211C727B680E400C14536 /* AppDelegate.swift in Sources */,
				FAA5AA7227B8DCA000B4A6B4 /* UIImage+Properties.swift in Sources */,
				FAF313F227B817CE0068C1D4 /* WeatherEndpoint.swift in Sources */,
				FAA5AA6C27B8D5D200B4A6B4 /* WeathersResponseModel.swift in Sources */,
				FAA5AA7027B8DBD400B4A6B4 /* NavigationItemLeftView.swift in Sources */,
				FAF313FA27B830EC0068C1D4 /* BaseEndpoint.swift in Sources */,
				FAF3140A27B83F860068C1D4 /* UITableView+Helper.swift in Sources */,
				FAA5AA7927B8FBFB00B4A6B4 /* UIImageView+Helper.swift in Sources */,
				FAA5AA7F27B90A2B00B4A6B4 /* DeviceInformation.swift in Sources */,
				FAF313CC27B7C8E30068C1D4 /* AppCoordinator.swift in Sources */,
				FAF3140C27B83FBA0068C1D4 /* UICollectionView+Helper.swift in Sources */,
				FAF313F827B82ED30068C1D4 /* LocationSearchResponseModel.swift in Sources */,
				FAF313D527B7D1D30068C1D4 /* NavigationCoordinator.swift in Sources */,
				FAA5AA7427B8DE0A00B4A6B4 /* UIView+Helper.swift in Sources */,
				FAA5AA8627B931CD00B4A6B4 /* DetailViewModel.swift in Sources */,
				FAF3140827B83F680068C1D4 /* AppDelegate+Helper.swift in Sources */,
				FAA5AA7727B8E91800B4A6B4 /* BaseInformationView.swift in Sources */,
				FAA5AA6427B8CD0C00B4A6B4 /* WeatherScreen.swift in Sources */,
				FAA5AA7B27B906D100B4A6B4 /* WeekInformationView.swift in Sources */,
				FAA5AA7D27B9088800B4A6B4 /* UICollectionViewFlowLayout+Helper.swift in Sources */,
				FAF313D127B7CFBC0068C1D4 /* NavigationEvent.swift in Sources */,
				FAF313D327B7D0830068C1D4 /* Screen.swift in Sources */,
				FAA5AA9027B95F2F00B4A6B4 /* DetailScreenResultModel.swift in Sources */,
				FAA5AA6227B8CCA900B4A6B4 /* WeatherViewController.swift in Sources */,
				FAF313DB27B7D79B0068C1D4 /* HomeViewModel.swift in Sources */,
				FAF3141227B849BC0068C1D4 /* ViewController+Alert.swift in Sources */,
				FAA5AA8E27B94A6E00B4A6B4 /* LogInformationView.swift in Sources */,
				FAF313EB27B7F5110068C1D4 /* StringConstant.swift in Sources */,
				FAA5AA8C27B9480900B4A6B4 /* LogWeatherItemCollectionViewCell.swift in Sources */,
				FAA5AA6027B8CC9400B4A6B4 /* WeatherViewModel.swift in Sources */,
				FAF313CF27B7CF780068C1D4 /* ScreenResult.swift in Sources */,
				FA94D2BE27B6EBD800458A3F /* Then.swift in Sources */,
				FAF313CA27B7C8D20068C1D4 /* HomeCoordinator.swift in Sources */,
				FAF313DF27B7D8370068C1D4 /* HomeViewController.swift in Sources */,
				FAA5AA8A27B9329D00B4A6B4 /* DetailScreen.swift in Sources */,
			);
			runOnlyForDeploymentPostprocessing = 0;
		};
		FAC211D527B680E800C14536 /* Sources */ = {
			isa = PBXSourcesBuildPhase;
			buildActionMask = 2147483647;
			files = (
				FAC211DE27B680E800C14536 /* kfm_ios_testTests.swift in Sources */,
			);
			runOnlyForDeploymentPostprocessing = 0;
		};
		FAC211E027B680E800C14536 /* Sources */ = {
			isa = PBXSourcesBuildPhase;
			buildActionMask = 2147483647;
			files = (
				FAC211E927B680E800C14536 /* kfm_ios_testUITests.swift in Sources */,
			);
			runOnlyForDeploymentPostprocessing = 0;
		};
/* End PBXSourcesBuildPhase section */

/* Begin PBXTargetDependency section */
		FAC211DB27B680E800C14536 /* PBXTargetDependency */ = {
			isa = PBXTargetDependency;
			target = FAC211C227B680E400C14536 /* kfm-ios-test */;
			targetProxy = FAC211DA27B680E800C14536 /* PBXContainerItemProxy */;
		};
		FAC211E627B680E800C14536 /* PBXTargetDependency */ = {
			isa = PBXTargetDependency;
			target = FAC211C227B680E400C14536 /* kfm-ios-test */;
			targetProxy = FAC211E527B680E800C14536 /* PBXContainerItemProxy */;
		};
/* End PBXTargetDependency section */

/* Begin PBXVariantGroup section */
		FAC211D127B680E700C14536 /* LaunchScreen.storyboard */ = {
			isa = PBXVariantGroup;
			children = (
				FAC211D227B680E700C14536 /* Base */,
			);
			name = LaunchScreen.storyboard;
			sourceTree = "<group>";
		};
/* End PBXVariantGroup section */

/* Begin XCBuildConfiguration section */
		FAC211EB27B680E800C14536 /* Debug */ = {
			isa = XCBuildConfiguration;
			buildSettings = {
				ALWAYS_SEARCH_USER_PATHS = NO;
				CLANG_ANALYZER_NONNULL = YES;
				CLANG_ANALYZER_NUMBER_OBJECT_CONVERSION = YES_AGGRESSIVE;
				CLANG_CXX_LANGUAGE_STANDARD = "gnu++14";
				CLANG_CXX_LIBRARY = "libc++";
				CLANG_ENABLE_MODULES = YES;
				CLANG_ENABLE_OBJC_ARC = YES;
				CLANG_ENABLE_OBJC_WEAK = YES;
				CLANG_WARN_BLOCK_CAPTURE_AUTORELEASING = YES;
				CLANG_WARN_BOOL_CONVERSION = YES;
				CLANG_WARN_COMMA = YES;
				CLANG_WARN_CONSTANT_CONVERSION = YES;
				CLANG_WARN_DEPRECATED_OBJC_IMPLEMENTATIONS = YES;
				CLANG_WARN_DIRECT_OBJC_ISA_USAGE = YES_ERROR;
				CLANG_WARN_DOCUMENTATION_COMMENTS = YES;
				CLANG_WARN_EMPTY_BODY = YES;
				CLANG_WARN_ENUM_CONVERSION = YES;
				CLANG_WARN_INFINITE_RECURSION = YES;
				CLANG_WARN_INT_CONVERSION = YES;
				CLANG_WARN_NON_LITERAL_NULL_CONVERSION = YES;
				CLANG_WARN_OBJC_IMPLICIT_RETAIN_SELF = YES;
				CLANG_WARN_OBJC_LITERAL_CONVERSION = YES;
				CLANG_WARN_OBJC_ROOT_CLASS = YES_ERROR;
				CLANG_WARN_QUOTED_INCLUDE_IN_FRAMEWORK_HEADER = YES;
				CLANG_WARN_RANGE_LOOP_ANALYSIS = YES;
				CLANG_WARN_STRICT_PROTOTYPES = YES;
				CLANG_WARN_SUSPICIOUS_MOVE = YES;
				CLANG_WARN_UNGUARDED_AVAILABILITY = YES_AGGRESSIVE;
				CLANG_WARN_UNREACHABLE_CODE = YES;
				CLANG_WARN__DUPLICATE_METHOD_MATCH = YES;
				COPY_PHASE_STRIP = NO;
				DEBUG_INFORMATION_FORMAT = dwarf;
				ENABLE_STRICT_OBJC_MSGSEND = YES;
				ENABLE_TESTABILITY = YES;
				GCC_C_LANGUAGE_STANDARD = gnu11;
				GCC_DYNAMIC_NO_PIC = NO;
				GCC_NO_COMMON_BLOCKS = YES;
				GCC_OPTIMIZATION_LEVEL = 0;
				GCC_PREPROCESSOR_DEFINITIONS = (
					"DEBUG=1",
					"$(inherited)",
				);
				GCC_WARN_64_TO_32_BIT_CONVERSION = YES;
				GCC_WARN_ABOUT_RETURN_TYPE = YES_ERROR;
				GCC_WARN_UNDECLARED_SELECTOR = YES;
				GCC_WARN_UNINITIALIZED_AUTOS = YES_AGGRESSIVE;
				GCC_WARN_UNUSED_FUNCTION = YES;
				GCC_WARN_UNUSED_VARIABLE = YES;
				IPHONEOS_DEPLOYMENT_TARGET = 14.5;
				MTL_ENABLE_DEBUG_INFO = INCLUDE_SOURCE;
				MTL_FAST_MATH = YES;
				ONLY_ACTIVE_ARCH = YES;
				PRODUCT_NAME = "";
				SDKROOT = iphoneos;
				SWIFT_ACTIVE_COMPILATION_CONDITIONS = DEBUG;
				SWIFT_OPTIMIZATION_LEVEL = "-Onone";
			};
			name = Debug;
		};
		FAC211EC27B680E800C14536 /* Release */ = {
			isa = XCBuildConfiguration;
			buildSettings = {
				ALWAYS_SEARCH_USER_PATHS = NO;
				CLANG_ANALYZER_NONNULL = YES;
				CLANG_ANALYZER_NUMBER_OBJECT_CONVERSION = YES_AGGRESSIVE;
				CLANG_CXX_LANGUAGE_STANDARD = "gnu++14";
				CLANG_CXX_LIBRARY = "libc++";
				CLANG_ENABLE_MODULES = YES;
				CLANG_ENABLE_OBJC_ARC = YES;
				CLANG_ENABLE_OBJC_WEAK = YES;
				CLANG_WARN_BLOCK_CAPTURE_AUTORELEASING = YES;
				CLANG_WARN_BOOL_CONVERSION = YES;
				CLANG_WARN_COMMA = YES;
				CLANG_WARN_CONSTANT_CONVERSION = YES;
				CLANG_WARN_DEPRECATED_OBJC_IMPLEMENTATIONS = YES;
				CLANG_WARN_DIRECT_OBJC_ISA_USAGE = YES_ERROR;
				CLANG_WARN_DOCUMENTATION_COMMENTS = YES;
				CLANG_WARN_EMPTY_BODY = YES;
				CLANG_WARN_ENUM_CONVERSION = YES;
				CLANG_WARN_INFINITE_RECURSION = YES;
				CLANG_WARN_INT_CONVERSION = YES;
				CLANG_WARN_NON_LITERAL_NULL_CONVERSION = YES;
				CLANG_WARN_OBJC_IMPLICIT_RETAIN_SELF = YES;
				CLANG_WARN_OBJC_LITERAL_CONVERSION = YES;
				CLANG_WARN_OBJC_ROOT_CLASS = YES_ERROR;
				CLANG_WARN_QUOTED_INCLUDE_IN_FRAMEWORK_HEADER = YES;
				CLANG_WARN_RANGE_LOOP_ANALYSIS = YES;
				CLANG_WARN_STRICT_PROTOTYPES = YES;
				CLANG_WARN_SUSPICIOUS_MOVE = YES;
				CLANG_WARN_UNGUARDED_AVAILABILITY = YES_AGGRESSIVE;
				CLANG_WARN_UNREACHABLE_CODE = YES;
				CLANG_WARN__DUPLICATE_METHOD_MATCH = YES;
				COPY_PHASE_STRIP = NO;
				DEBUG_INFORMATION_FORMAT = "dwarf-with-dsym";
				ENABLE_NS_ASSERTIONS = NO;
				ENABLE_STRICT_OBJC_MSGSEND = YES;
				GCC_C_LANGUAGE_STANDARD = gnu11;
				GCC_NO_COMMON_BLOCKS = YES;
				GCC_WARN_64_TO_32_BIT_CONVERSION = YES;
				GCC_WARN_ABOUT_RETURN_TYPE = YES_ERROR;
				GCC_WARN_UNDECLARED_SELECTOR = YES;
				GCC_WARN_UNINITIALIZED_AUTOS = YES_AGGRESSIVE;
				GCC_WARN_UNUSED_FUNCTION = YES;
				GCC_WARN_UNUSED_VARIABLE = YES;
				IPHONEOS_DEPLOYMENT_TARGET = 14.5;
				MTL_ENABLE_DEBUG_INFO = NO;
				MTL_FAST_MATH = YES;
				PRODUCT_NAME = "";
				SDKROOT = iphoneos;
				SWIFT_COMPILATION_MODE = wholemodule;
				SWIFT_OPTIMIZATION_LEVEL = "-O";
				VALIDATE_PRODUCT = YES;
			};
			name = Release;
		};
		FAC211EE27B680E800C14536 /* Debug */ = {
			isa = XCBuildConfiguration;
			baseConfigurationReference = 534B315C22484BD16D87EB4D /* Pods-kfm-ios-test.debug.xcconfig */;
			buildSettings = {
				ASSETCATALOG_COMPILER_APPICON_NAME = AppIcon;
				ASSETCATALOG_COMPILER_GLOBAL_ACCENT_COLOR_NAME = AccentColor;
				CODE_SIGN_STYLE = Automatic;
				DEVELOPMENT_TEAM = RD4LQWB7Z9;
				INFOPLIST_FILE = "kfm-ios-test/Info.plist";
				LD_RUNPATH_SEARCH_PATHS = (
					"$(inherited)",
					"@executable_path/Frameworks",
				);
				PRODUCT_BUNDLE_IDENTIFIER = "erwindosianipar.kfm-ios-test";
				PRODUCT_NAME = "$(TARGET_NAME)";
				SWIFT_VERSION = 5.0;
				TARGETED_DEVICE_FAMILY = "1,2";
			};
			name = Debug;
		};
		FAC211EF27B680E800C14536 /* Release */ = {
			isa = XCBuildConfiguration;
			baseConfigurationReference = 66932180E5BC03B41385AD1D /* Pods-kfm-ios-test.release.xcconfig */;
			buildSettings = {
				ASSETCATALOG_COMPILER_APPICON_NAME = AppIcon;
				ASSETCATALOG_COMPILER_GLOBAL_ACCENT_COLOR_NAME = AccentColor;
				CODE_SIGN_STYLE = Automatic;
				DEVELOPMENT_TEAM = RD4LQWB7Z9;
				INFOPLIST_FILE = "kfm-ios-test/Info.plist";
				LD_RUNPATH_SEARCH_PATHS = (
					"$(inherited)",
					"@executable_path/Frameworks",
				);
				PRODUCT_BUNDLE_IDENTIFIER = "erwindosianipar.kfm-ios-test";
				PRODUCT_NAME = "$(TARGET_NAME)";
				SWIFT_VERSION = 5.0;
				TARGETED_DEVICE_FAMILY = "1,2";
			};
			name = Release;
		};
		FAC211F127B680E800C14536 /* Debug */ = {
			isa = XCBuildConfiguration;
			baseConfigurationReference = 93D924B1ED571FC8CEBB0A96 /* Pods-kfm-ios-testTests.debug.xcconfig */;
			buildSettings = {
				ALWAYS_EMBED_SWIFT_STANDARD_LIBRARIES = YES;
				BUNDLE_LOADER = "$(TEST_HOST)";
				CODE_SIGN_STYLE = Automatic;
				DEVELOPMENT_TEAM = 2633DGF7AS;
				INFOPLIST_FILE = "kfm-ios-testTests/Info.plist";
				IPHONEOS_DEPLOYMENT_TARGET = 14.5;
				LD_RUNPATH_SEARCH_PATHS = (
					"$(inherited)",
					"@executable_path/Frameworks",
					"@loader_path/Frameworks",
				);
				PRODUCT_BUNDLE_IDENTIFIER = "erwindosianipar.kfm-ios-testTests";
				PRODUCT_NAME = "$(TARGET_NAME)";
				SWIFT_VERSION = 5.0;
				TARGETED_DEVICE_FAMILY = "1,2";
				TEST_HOST = "$(BUILT_PRODUCTS_DIR)/kfm-ios-test.app/kfm-ios-test";
			};
			name = Debug;
		};
		FAC211F227B680E800C14536 /* Release */ = {
			isa = XCBuildConfiguration;
			baseConfigurationReference = F37B7CF6B995C59862DE1E08 /* Pods-kfm-ios-testTests.release.xcconfig */;
			buildSettings = {
				ALWAYS_EMBED_SWIFT_STANDARD_LIBRARIES = YES;
				BUNDLE_LOADER = "$(TEST_HOST)";
				CODE_SIGN_STYLE = Automatic;
				DEVELOPMENT_TEAM = 2633DGF7AS;
				INFOPLIST_FILE = "kfm-ios-testTests/Info.plist";
				IPHONEOS_DEPLOYMENT_TARGET = 14.5;
				LD_RUNPATH_SEARCH_PATHS = (
					"$(inherited)",
					"@executable_path/Frameworks",
					"@loader_path/Frameworks",
				);
				PRODUCT_BUNDLE_IDENTIFIER = "erwindosianipar.kfm-ios-testTests";
				PRODUCT_NAME = "$(TARGET_NAME)";
				SWIFT_VERSION = 5.0;
				TARGETED_DEVICE_FAMILY = "1,2";
				TEST_HOST = "$(BUILT_PRODUCTS_DIR)/kfm-ios-test.app/kfm-ios-test";
			};
			name = Release;
		};
		FAC211F427B680E800C14536 /* Debug */ = {
			isa = XCBuildConfiguration;
			baseConfigurationReference = 0DA87A6DA7F5306D7D27A9D1 /* Pods-kfm-ios-test-kfm-ios-testUITests.debug.xcconfig */;
			buildSettings = {
				ALWAYS_EMBED_SWIFT_STANDARD_LIBRARIES = YES;
				CODE_SIGN_STYLE = Automatic;
				DEVELOPMENT_TEAM = 2633DGF7AS;
				INFOPLIST_FILE = "kfm-ios-testUITests/Info.plist";
				LD_RUNPATH_SEARCH_PATHS = (
					"$(inherited)",
					"@executable_path/Frameworks",
					"@loader_path/Frameworks",
				);
				PRODUCT_BUNDLE_IDENTIFIER = "erwindosianipar.kfm-ios-testUITests";
				PRODUCT_NAME = "$(TARGET_NAME)";
				SWIFT_VERSION = 5.0;
				TARGETED_DEVICE_FAMILY = "1,2";
				TEST_TARGET_NAME = "kfm-ios-test";
			};
			name = Debug;
		};
		FAC211F527B680E800C14536 /* Release */ = {
			isa = XCBuildConfiguration;
			baseConfigurationReference = E22F6AF2DA252B68D9BF871A /* Pods-kfm-ios-test-kfm-ios-testUITests.release.xcconfig */;
			buildSettings = {
				ALWAYS_EMBED_SWIFT_STANDARD_LIBRARIES = YES;
				CODE_SIGN_STYLE = Automatic;
				DEVELOPMENT_TEAM = 2633DGF7AS;
				INFOPLIST_FILE = "kfm-ios-testUITests/Info.plist";
				LD_RUNPATH_SEARCH_PATHS = (
					"$(inherited)",
					"@executable_path/Frameworks",
					"@loader_path/Frameworks",
				);
				PRODUCT_BUNDLE_IDENTIFIER = "erwindosianipar.kfm-ios-testUITests";
				PRODUCT_NAME = "$(TARGET_NAME)";
				SWIFT_VERSION = 5.0;
				TARGETED_DEVICE_FAMILY = "1,2";
				TEST_TARGET_NAME = "kfm-ios-test";
			};
			name = Release;
		};
/* End XCBuildConfiguration section */

/* Begin XCConfigurationList section */
		FAC211BE27B680E400C14536 /* Build configuration list for PBXProject "kfm-ios-test" */ = {
			isa = XCConfigurationList;
			buildConfigurations = (
				FAC211EB27B680E800C14536 /* Debug */,
				FAC211EC27B680E800C14536 /* Release */,
			);
			defaultConfigurationIsVisible = 0;
			defaultConfigurationName = Release;
		};
		FAC211ED27B680E800C14536 /* Build configuration list for PBXNativeTarget "kfm-ios-test" */ = {
			isa = XCConfigurationList;
			buildConfigurations = (
				FAC211EE27B680E800C14536 /* Debug */,
				FAC211EF27B680E800C14536 /* Release */,
			);
			defaultConfigurationIsVisible = 0;
			defaultConfigurationName = Release;
		};
		FAC211F027B680E800C14536 /* Build configuration list for PBXNativeTarget "kfm-ios-testTests" */ = {
			isa = XCConfigurationList;
			buildConfigurations = (
				FAC211F127B680E800C14536 /* Debug */,
				FAC211F227B680E800C14536 /* Release */,
			);
			defaultConfigurationIsVisible = 0;
			defaultConfigurationName = Release;
		};
		FAC211F327B680E800C14536 /* Build configuration list for PBXNativeTarget "kfm-ios-testUITests" */ = {
			isa = XCConfigurationList;
			buildConfigurations = (
				FAC211F427B680E800C14536 /* Debug */,
				FAC211F527B680E800C14536 /* Release */,
			);
			defaultConfigurationIsVisible = 0;
			defaultConfigurationName = Release;
		};
/* End XCConfigurationList section */
	};
	rootObject = FAC211BB27B680E400C14536 /* Project object */;
}
